// !$*UTF8*$!
{
	archiveVersion = 1;
	classes = {
	};
	objectVersion = 46;
	objects = {

/* Begin PBXBuildFile section */
		60929CDB19CA2B8900D8391A /* Foundation.framework in Frameworks */ = {isa = PBXBuildFile; fileRef = 60929CDA19CA2B8900D8391A /* Foundation.framework */; };
		60929CDD19CA2B8900D8391A /* CoreGraphics.framework in Frameworks */ = {isa = PBXBuildFile; fileRef = 60929CDC19CA2B8900D8391A /* CoreGraphics.framework */; };
		60929CDF19CA2B8900D8391A /* UIKit.framework in Frameworks */ = {isa = PBXBuildFile; fileRef = 60929CDE19CA2B8900D8391A /* UIKit.framework */; };
		60929CE519CA2B8900D8391A /* InfoPlist.strings in Resources */ = {isa = PBXBuildFile; fileRef = 60929CE319CA2B8900D8391A /* InfoPlist.strings */; };
		60929CE719CA2B8900D8391A /* main.m in Sources */ = {isa = PBXBuildFile; fileRef = 60929CE619CA2B8900D8391A /* main.m */; };
		60929CEB19CA2B8900D8391A /* EVXAppDelegate.m in Sources */ = {isa = PBXBuildFile; fileRef = 60929CEA19CA2B8900D8391A /* EVXAppDelegate.m */; };
		60929CEE19CA2B8900D8391A /* Main.storyboard in Resources */ = {isa = PBXBuildFile; fileRef = 60929CEC19CA2B8900D8391A /* Main.storyboard */; };
		60929CF119CA2B8900D8391A /* EVXMasterViewController.m in Sources */ = {isa = PBXBuildFile; fileRef = 60929CF019CA2B8900D8391A /* EVXMasterViewController.m */; };
		60929CF419CA2B8900D8391A /* EVXDetailViewController.m in Sources */ = {isa = PBXBuildFile; fileRef = 60929CF319CA2B8900D8391A /* EVXDetailViewController.m */; };
		60929CF619CA2B8900D8391A /* Images.xcassets in Resources */ = {isa = PBXBuildFile; fileRef = 60929CF519CA2B8900D8391A /* Images.xcassets */; };
		60929CFD19CA2B8900D8391A /* XCTest.framework in Frameworks */ = {isa = PBXBuildFile; fileRef = 60929CFC19CA2B8900D8391A /* XCTest.framework */; };
		60929CFE19CA2B8A00D8391A /* Foundation.framework in Frameworks */ = {isa = PBXBuildFile; fileRef = 60929CDA19CA2B8900D8391A /* Foundation.framework */; };
		60929CFF19CA2B8A00D8391A /* UIKit.framework in Frameworks */ = {isa = PBXBuildFile; fileRef = 60929CDE19CA2B8900D8391A /* UIKit.framework */; };
		60929D0719CA2B8A00D8391A /* InfoPlist.strings in Resources */ = {isa = PBXBuildFile; fileRef = 60929D0519CA2B8A00D8391A /* InfoPlist.strings */; };
		60929D0919CA2B8A00D8391A /* JsonParseMeTests.m in Sources */ = {isa = PBXBuildFile; fileRef = 60929D0819CA2B8A00D8391A /* JsonParseMeTests.m */; };
/* End PBXBuildFile section */

/* Begin PBXContainerItemProxy section */
		60929D0019CA2B8A00D8391A /* PBXContainerItemProxy */ = {
			isa = PBXContainerItemProxy;
			containerPortal = 60929CCF19CA2B8900D8391A /* Project object */;
			proxyType = 1;
			remoteGlobalIDString = 60929CD619CA2B8900D8391A;
			remoteInfo = JsonParseMe;
		};
/* End PBXContainerItemProxy section */

/* Begin PBXFileReference section */
		60929CD719CA2B8900D8391A /* JsonParseMe.app */ = {isa = PBXFileReference; explicitFileType = wrapper.application; includeInIndex = 0; path = JsonParseMe.app; sourceTree = BUILT_PRODUCTS_DIR; };
		60929CDA19CA2B8900D8391A /* Foundation.framework */ = {isa = PBXFileReference; lastKnownFileType = wrapper.framework; name = Foundation.framework; path = System/Library/Frameworks/Foundation.framework; sourceTree = SDKROOT; };
		60929CDC19CA2B8900D8391A /* CoreGraphics.framework */ = {isa = PBXFileReference; lastKnownFileType = wrapper.framework; name = CoreGraphics.framework; path = System/Library/Frameworks/CoreGraphics.framework; sourceTree = SDKROOT; };
		60929CDE19CA2B8900D8391A /* UIKit.framework */ = {isa = PBXFileReference; lastKnownFileType = wrapper.framework; name = UIKit.framework; path = System/Library/Frameworks/UIKit.framework; sourceTree = SDKROOT; };
		60929CE219CA2B8900D8391A /* JsonParseMe-Info.plist */ = {isa = PBXFileReference; lastKnownFileType = text.plist.xml; path = "JsonParseMe-Info.plist"; sourceTree = "<group>"; };
		60929CE419CA2B8900D8391A /* en */ = {isa = PBXFileReference; lastKnownFileType = text.plist.strings; name = en; path = en.lproj/InfoPlist.strings; sourceTree = "<group>"; };
		60929CE619CA2B8900D8391A /* main.m */ = {isa = PBXFileReference; lastKnownFileType = sourcecode.c.objc; path = main.m; sourceTree = "<group>"; };
		60929CE819CA2B8900D8391A /* JsonParseMe-Prefix.pch */ = {isa = PBXFileReference; lastKnownFileType = sourcecode.c.h; path = "JsonParseMe-Prefix.pch"; sourceTree = "<group>"; };
		60929CE919CA2B8900D8391A /* EVXAppDelegate.h */ = {isa = PBXFileReference; lastKnownFileType = sourcecode.c.h; path = EVXAppDelegate.h; sourceTree = "<group>"; };
		60929CEA19CA2B8900D8391A /* EVXAppDelegate.m */ = {isa = PBXFileReference; lastKnownFileType = sourcecode.c.objc; path = EVXAppDelegate.m; sourceTree = "<group>"; };
		60929CED19CA2B8900D8391A /* Base */ = {isa = PBXFileReference; lastKnownFileType = file.storyboard; name = Base; path = Base.lproj/Main.storyboard; sourceTree = "<group>"; };
		60929CEF19CA2B8900D8391A /* EVXMasterViewController.h */ = {isa = PBXFileReference; lastKnownFileType = sourcecode.c.h; path = EVXMasterViewController.h; sourceTree = "<group>"; };
		60929CF019CA2B8900D8391A /* EVXMasterViewController.m */ = {isa = PBXFileReference; lastKnownFileType = sourcecode.c.objc; path = EVXMasterViewController.m; sourceTree = "<group>"; };
		60929CF219CA2B8900D8391A /* EVXDetailViewController.h */ = {isa = PBXFileReference; lastKnownFileType = sourcecode.c.h; path = EVXDetailViewController.h; sourceTree = "<group>"; };
		60929CF319CA2B8900D8391A /* EVXDetailViewController.m */ = {isa = PBXFileReference; lastKnownFileType = sourcecode.c.objc; path = EVXDetailViewController.m; sourceTree = "<group>"; };
		60929CF519CA2B8900D8391A /* Images.xcassets */ = {isa = PBXFileReference; lastKnownFileType = folder.assetcatalog; path = Images.xcassets; sourceTree = "<group>"; };
		60929CFB19CA2B8900D8391A /* JsonParseMeTests.xctest */ = {isa = PBXFileReference; explicitFileType = wrapper.cfbundle; includeInIndex = 0; path = JsonParseMeTests.xctest; sourceTree = BUILT_PRODUCTS_DIR; };
		60929CFC19CA2B8900D8391A /* XCTest.framework */ = {isa = PBXFileReference; lastKnownFileType = wrapper.framework; name = XCTest.framework; path = Library/Frameworks/XCTest.framework; sourceTree = DEVELOPER_DIR; };
		60929D0419CA2B8A00D8391A /* JsonParseMeTests-Info.plist */ = {isa = PBXFileReference; lastKnownFileType = text.plist.xml; path = "JsonParseMeTests-Info.plist"; sourceTree = "<group>"; };
		60929D0619CA2B8A00D8391A /* en */ = {isa = PBXFileReference; lastKnownFileType = text.plist.strings; name = en; path = en.lproj/InfoPlist.strings; sourceTree = "<group>"; };
		60929D0819CA2B8A00D8391A /* JsonParseMeTests.m */ = {isa = PBXFileReference; lastKnownFileType = sourcecode.c.objc; path = JsonParseMeTests.m; sourceTree = "<group>"; };
/* End PBXFileReference section */

/* Begin PBXFrameworksBuildPhase section */
		60929CD419CA2B8900D8391A /* Frameworks */ = {
			isa = PBXFrameworksBuildPhase;
			buildActionMask = 2147483647;
			files = (
				60929CDD19CA2B8900D8391A /* CoreGraphics.framework in Frameworks */,
				60929CDF19CA2B8900D8391A /* UIKit.framework in Frameworks */,
				60929CDB19CA2B8900D8391A /* Foundation.framework in Frameworks */,
			);
			runOnlyForDeploymentPostprocessing = 0;
		};
		60929CF819CA2B8900D8391A /* Frameworks */ = {
			isa = PBXFrameworksBuildPhase;
			buildActionMask = 2147483647;
			files = (
				60929CFD19CA2B8900D8391A /* XCTest.framework in Frameworks */,
				60929CFF19CA2B8A00D8391A /* UIKit.framework in Frameworks */,
				60929CFE19CA2B8A00D8391A /* Foundation.framework in Frameworks */,
			);
			runOnlyForDeploymentPostprocessing = 0;
		};
/* End PBXFrameworksBuildPhase section */

/* Begin PBXGroup section */
		60929CCE19CA2B8900D8391A = {
			isa = PBXGroup;
			children = (
				60929CE019CA2B8900D8391A /* JsonParseMe */,
				60929D0219CA2B8A00D8391A /* JsonParseMeTests */,
				60929CD919CA2B8900D8391A /* Frameworks */,
				60929CD819CA2B8900D8391A /* Products */,
			);
			sourceTree = "<group>";
		};
		60929CD819CA2B8900D8391A /* Products */ = {
			isa = PBXGroup;
			children = (
				60929CD719CA2B8900D8391A /* JsonParseMe.app */,
				60929CFB19CA2B8900D8391A /* JsonParseMeTests.xctest */,
			);
			name = Products;
			sourceTree = "<group>";
		};
		60929CD919CA2B8900D8391A /* Frameworks */ = {
			isa = PBXGroup;
			children = (
				60929CDA19CA2B8900D8391A /* Foundation.framework */,
				60929CDC19CA2B8900D8391A /* CoreGraphics.framework */,
				60929CDE19CA2B8900D8391A /* UIKit.framework */,
				60929CFC19CA2B8900D8391A /* XCTest.framework */,
			);
			name = Frameworks;
			sourceTree = "<group>";
		};
		60929CE019CA2B8900D8391A /* JsonParseMe */ = {
			isa = PBXGroup;
			children = (
				60929CE919CA2B8900D8391A /* EVXAppDelegate.h */,
				60929CEA19CA2B8900D8391A /* EVXAppDelegate.m */,
				60929CEC19CA2B8900D8391A /* Main.storyboard */,
				60929CEF19CA2B8900D8391A /* EVXMasterViewController.h */,
				60929CF019CA2B8900D8391A /* EVXMasterViewController.m */,
				60929CF219CA2B8900D8391A /* EVXDetailViewController.h */,
				60929CF319CA2B8900D8391A /* EVXDetailViewController.m */,
				60929CF519CA2B8900D8391A /* Images.xcassets */,
				60929CE119CA2B8900D8391A /* Supporting Files */,
			);
			path = JsonParseMe;
			sourceTree = "<group>";
		};
		60929CE119CA2B8900D8391A /* Supporting Files */ = {
			isa = PBXGroup;
			children = (
				60929CE219CA2B8900D8391A /* JsonParseMe-Info.plist */,
				60929CE319CA2B8900D8391A /* InfoPlist.strings */,
				60929CE619CA2B8900D8391A /* main.m */,
				60929CE819CA2B8900D8391A /* JsonParseMe-Prefix.pch */,
			);
			name = "Supporting Files";
			sourceTree = "<group>";
		};
		60929D0219CA2B8A00D8391A /* JsonParseMeTests */ = {
			isa = PBXGroup;
			children = (
				60929D0819CA2B8A00D8391A /* JsonParseMeTests.m */,
				60929D0319CA2B8A00D8391A /* Supporting Files */,
			);
			path = JsonParseMeTests;
			sourceTree = "<group>";
		};
		60929D0319CA2B8A00D8391A /* Supporting Files */ = {
			isa = PBXGroup;
			children = (
				60929D0419CA2B8A00D8391A /* JsonParseMeTests-Info.plist */,
				60929D0519CA2B8A00D8391A /* InfoPlist.strings */,
			);
			name = "Supporting Files";
			sourceTree = "<group>";
		};
/* End PBXGroup section */

/* Begin PBXNativeTarget section */
		60929CD619CA2B8900D8391A /* JsonParseMe */ = {
			isa = PBXNativeTarget;
			buildConfigurationList = 60929D0C19CA2B8A00D8391A /* Build configuration list for PBXNativeTarget "JsonParseMe" */;
			buildPhases = (
				60929CD319CA2B8900D8391A /* Sources */,
				60929CD419CA2B8900D8391A /* Frameworks */,
				60929CD519CA2B8900D8391A /* Resources */,
			);
			buildRules = (
			);
			dependencies = (
			);
			name = JsonParseMe;
			productName = JsonParseMe;
			productReference = 60929CD719CA2B8900D8391A /* JsonParseMe.app */;
			productType = "com.apple.product-type.application";
		};
		60929CFA19CA2B8900D8391A /* JsonParseMeTests */ = {
			isa = PBXNativeTarget;
			buildConfigurationList = 60929D0F19CA2B8A00D8391A /* Build configuration list for PBXNativeTarget "JsonParseMeTests" */;
			buildPhases = (
				60929CF719CA2B8900D8391A /* Sources */,
				60929CF819CA2B8900D8391A /* Frameworks */,
				60929CF919CA2B8900D8391A /* Resources */,
			);
			buildRules = (
			);
			dependencies = (
				60929D0119CA2B8A00D8391A /* PBXTargetDependency */,
			);
			name = JsonParseMeTests;
			productName = JsonParseMeTests;
			productReference = 60929CFB19CA2B8900D8391A /* JsonParseMeTests.xctest */;
			productType = "com.apple.product-type.bundle.unit-test";
		};
/* End PBXNativeTarget section */

/* Begin PBXProject section */
		60929CCF19CA2B8900D8391A /* Project object */ = {
			isa = PBXProject;
			attributes = {
				CLASSPREFIX = EVX;
				LastUpgradeCheck = 0510;
				ORGANIZATIONNAME = evxyz001;
				TargetAttributes = {
					60929CFA19CA2B8900D8391A = {
						TestTargetID = 60929CD619CA2B8900D8391A;
					};
				};
			};
			buildConfigurationList = 60929CD219CA2B8900D8391A /* Build configuration list for PBXProject "JsonParseMe" */;
			compatibilityVersion = "Xcode 3.2";
			developmentRegion = English;
			hasScannedForEncodings = 0;
			knownRegions = (
				en,
				Base,
			);
			mainGroup = 60929CCE19CA2B8900D8391A;
			productRefGroup = 60929CD819CA2B8900D8391A /* Products */;
			projectDirPath = "";
			projectRoot = "";
			targets = (
				60929CD619CA2B8900D8391A /* JsonParseMe */,
				60929CFA19CA2B8900D8391A /* JsonParseMeTests */,
			);
		};
/* End PBXProject section */

/* Begin PBXResourcesBuildPhase section */
		60929CD519CA2B8900D8391A /* Resources */ = {
			isa = PBXResourcesBuildPhase;
			buildActionMask = 2147483647;
			files = (
				60929CF619CA2B8900D8391A /* Images.xcassets in Resources */,
				60929CE519CA2B8900D8391A /* InfoPlist.strings in Resources */,
				60929CEE19CA2B8900D8391A /* Main.storyboard in Resources */,
			);
			runOnlyForDeploymentPostprocessing = 0;
		};
		60929CF919CA2B8900D8391A /* Resources */ = {
			isa = PBXResourcesBuildPhase;
			buildActionMask = 2147483647;
			files = (
				60929D0719CA2B8A00D8391A /* InfoPlist.strings in Resources */,
			);
			runOnlyForDeploymentPostprocessing = 0;
		};
/* End PBXResourcesBuildPhase section */

/* Begin PBXSourcesBuildPhase section */
		60929CD319CA2B8900D8391A /* Sources */ = {
			isa = PBXSourcesBuildPhase;
			buildActionMask = 2147483647;
			files = (
				60929CF119CA2B8900D8391A /* EVXMasterViewController.m in Sources */,
				60929CF419CA2B8900D8391A /* EVXDetailViewController.m in Sources */,
				60929CEB19CA2B8900D8391A /* EVXAppDelegate.m in Sources */,
				60929CE719CA2B8900D8391A /* main.m in Sources */,
			);
			runOnlyForDeploymentPostprocessing = 0;
		};
		60929CF719CA2B8900D8391A /* Sources */ = {
			isa = PBXSourcesBuildPhase;
			buildActionMask = 2147483647;
			files = (
				60929D0919CA2B8A00D8391A /* JsonParseMeTests.m in Sources */,
			);
			runOnlyForDeploymentPostprocessing = 0;
		};
/* End PBXSourcesBuildPhase section */

/* Begin PBXTargetDependency section */
		60929D0119CA2B8A00D8391A /* PBXTargetDependency */ = {
			isa = PBXTargetDependency;
			target = 60929CD619CA2B8900D8391A /* JsonParseMe */;
			targetProxy = 60929D0019CA2B8A00D8391A /* PBXContainerItemProxy */;
		};
/* End PBXTargetDependency section */

/* Begin PBXVariantGroup section */
		60929CE319CA2B8900D8391A /* InfoPlist.strings */ = {
			isa = PBXVariantGroup;
			children = (
				60929CE419CA2B8900D8391A /* en */,
			);
			name = InfoPlist.strings;
			sourceTree = "<group>";
		};
		60929CEC19CA2B8900D8391A /* Main.storyboard */ = {
			isa = PBXVariantGroup;
			children = (
				60929CED19CA2B8900D8391A /* Base */,
			);
			name = Main.storyboard;
			sourceTree = "<group>";
		};
		60929D0519CA2B8A00D8391A /* InfoPlist.strings */ = {
			isa = PBXVariantGroup;
			children = (
				60929D0619CA2B8A00D8391A /* en */,
			);
			name = InfoPlist.strings;
			sourceTree = "<group>";
		};
/* End PBXVariantGroup section */

/* Begin XCBuildConfiguration section */
		60929D0A19CA2B8A00D8391A /* Debug */ = {
			isa = XCBuildConfiguration;
			buildSettings = {
				ALWAYS_SEARCH_USER_PATHS = NO;
				CLANG_CXX_LANGUAGE_STANDARD = "gnu++0x";
				CLANG_CXX_LIBRARY = "libc++";
				CLANG_ENABLE_MODULES = YES;
				CLANG_ENABLE_OBJC_ARC = YES;
				CLANG_WARN_BOOL_CONVERSION = YES;
				CLANG_WARN_CONSTANT_CONVERSION = YES;
				CLANG_WARN_DIRECT_OBJC_ISA_USAGE = YES_ERROR;
				CLANG_WARN_EMPTY_BODY = YES;
				CLANG_WARN_ENUM_CONVERSION = YES;
				CLANG_WARN_INT_CONVERSION = YES;
				CLANG_WARN_OBJC_ROOT_CLASS = YES_ERROR;
				CLANG_WARN__DUPLICATE_METHOD_MATCH = YES;
				"CODE_SIGN_IDENTITY[sdk=iphoneos*]" = "iPhone Developer";
				COPY_PHASE_STRIP = NO;
				GCC_C_LANGUAGE_STANDARD = gnu99;
				GCC_DYNAMIC_NO_PIC = NO;
				GCC_OPTIMIZATION_LEVEL = 0;
				GCC_PREPROCESSOR_DEFINITIONS = (
					"DEBUG=1",
					"$(inherited)",
				);
				GCC_SYMBOLS_PRIVATE_EXTERN = NO;
				GCC_WARN_64_TO_32_BIT_CONVERSION = YES;
				GCC_WARN_ABOUT_RETURN_TYPE = YES_ERROR;
				GCC_WARN_UNDECLARED_SELECTOR = YES;
				GCC_WARN_UNINITIALIZED_AUTOS = YES_AGGRESSIVE;
				GCC_WARN_UNUSED_FUNCTION = YES;
				GCC_WARN_UNUSED_VARIABLE = YES;
				IPHONEOS_DEPLOYMENT_TARGET = 7.1;
				ONLY_ACTIVE_ARCH = YES;
				SDKROOT = iphoneos;
			};
			name = Debug;
		};
		60929D0B19CA2B8A00D8391A /* Release */ = {
			isa = XCBuildConfiguration;
			buildSettings = {
				ALWAYS_SEARCH_USER_PATHS = NO;
				CLANG_CXX_LANGUAGE_STANDARD = "gnu++0x";
				CLANG_CXX_LIBRARY = "libc++";
				CLANG_ENABLE_MODULES = YES;
				CLANG_ENABLE_OBJC_ARC = YES;
				CLANG_WARN_BOOL_CONVERSION = YES;
				CLANG_WARN_CONSTANT_CONVERSION = YES;
				CLANG_WARN_DIRECT_OBJC_ISA_USAGE = YES_ERROR;
				CLANG_WARN_EMPTY_BODY = YES;
				CLANG_WARN_ENUM_CONVERSION = YES;
				CLANG_WARN_INT_CONVERSION = YES;
				CLANG_WARN_OBJC_ROOT_CLASS = YES_ERROR;
				CLANG_WARN__DUPLICATE_METHOD_MATCH = YES;
				"CODE_SIGN_IDENTITY[sdk=iphoneos*]" = "iPhone Developer";
				COPY_PHASE_STRIP = YES;
				ENABLE_NS_ASSERTIONS = NO;
				GCC_C_LANGUAGE_STANDARD = gnu99;
				GCC_WARN_64_TO_32_BIT_CONVERSION = YES;
				GCC_WARN_ABOUT_RETURN_TYPE = YES_ERROR;
				GCC_WARN_UNDECLARED_SELECTOR = YES;
				GCC_WARN_UNINITIALIZED_AUTOS = YES_AGGRESSIVE;
				GCC_WARN_UNUSED_FUNCTION = YES;
				GCC_WARN_UNUSED_VARIABLE = YES;
				IPHONEOS_DEPLOYMENT_TARGET = 7.1;
				SDKROOT = iphoneos;
				VALIDATE_PRODUCT = YES;
			};
			name = Release;
		};
		60929D0D19CA2B8A00D8391A /* Debug */ = {
			isa = XCBuildConfiguration;
			buildSettings = {
				ASSETCATALOG_COMPILER_APPICON_NAME = AppIcon;
				ASSETCATALOG_COMPILER_LAUNCHIMAGE_NAME = LaunchImage;
				GCC_PRECOMPILE_PREFIX_HEADER = YES;
				GCC_PREFIX_HEADER = "JsonParseMe/JsonParseMe-Prefix.pch";
				INFOPLIST_FILE = "JsonParseMe/JsonParseMe-Info.plist";
				IPHONEOS_DEPLOYMENT_TARGET = 6.1;
				PRODUCT_NAME = "$(TARGET_NAME)";
				WRAPPER_EXTENSION = app;
			};
			name = Debug;
		};
		60929D0E19CA2B8A00D8391A /* Release */ = {
			isa = XCBuildConfiguration;
			buildSettings = {
				ASSETCATALOG_COMPILER_APPICON_NAME = AppIcon;
				ASSETCATALOG_COMPILER_LAUNCHIMAGE_NAME = LaunchImage;
				GCC_PRECOMPILE_PREFIX_HEADER = YES;
				GCC_PREFIX_HEADER = "JsonParseMe/JsonParseMe-Prefix.pch";
				INFOPLIST_FILE = "JsonParseMe/JsonParseMe-Info.plist";
				IPHONEOS_DEPLOYMENT_TARGET = 6.1;
				PRODUCT_NAME = "$(TARGET_NAME)";
				WRAPPER_EXTENSION = app;
			};
			name = Release;
		};
		60929D1019CA2B8A00D8391A /* Debug */ = {
			isa = XCBuildConfiguration;
			buildSettings = {
				BUNDLE_LOADER = "$(BUILT_PRODUCTS_DIR)/JsonParseMe.app/JsonParseMe";
				FRAMEWORK_SEARCH_PATHS = (
					"$(SDKROOT)/Developer/Library/Frameworks",
					"$(inherited)",
					"$(DEVELOPER_FRAMEWORKS_DIR)",
				);
				GCC_PRECOMPILE_PREFIX_HEADER = YES;
				GCC_PREFIX_HEADER = "JsonParseMe/JsonParseMe-Prefix.pch";
				GCC_PREPROCESSOR_DEFINITIONS = (
					"DEBUG=1",
					"$(inherited)",
				);
				INFOPLIST_FILE = "JsonParseMeTests/JsonParseMeTests-Info.plist";
				PRODUCT_NAME = "$(TARGET_NAME)";
				TEST_HOST = "$(BUNDLE_LOADER)";
				WRAPPER_EXTENSION = xctest;
			};
			name = Debug;
		};
		60929D1119CA2B8A00D8391A /* Release */ = {
			isa = XCBuildConfiguration;
			buildSettings = {
				BUNDLE_LOADER = "$(BUILT_PRODUCTS_DIR)/JsonParseMe.app/JsonParseMe";
				FRAMEWORK_SEARCH_PATHS = (
					"$(SDKROOT)/Developer/Library/Frameworks",
					"$(inherited)",
					"$(DEVELOPER_FRAMEWORKS_DIR)",
				);
				GCC_PRECOMPILE_PREFIX_HEADER = YES;
				GCC_PREFIX_HEADER = "JsonParseMe/JsonParseMe-Prefix.pch";
				INFOPLIST_FILE = "JsonParseMeTests/JsonParseMeTests-Info.plist";
				PRODUCT_NAME = "$(TARGET_NAME)";
				TEST_HOST = "$(BUNDLE_LOADER)";
				WRAPPER_EXTENSION = xctest;
			};
			name = Release;
		};
/* End XCBuildConfiguration section */

/* Begin XCConfigurationList section */
		60929CD219CA2B8900D8391A /* Build configuration list for PBXProject "JsonParseMe" */ = {
			isa = XCConfigurationList;
			buildConfigurations = (
				60929D0A19CA2B8A00D8391A /* Debug */,
				60929D0B19CA2B8A00D8391A /* Release */,
			);
			defaultConfigurationIsVisible = 0;
			defaultConfigurationName = Release;
		};
		60929D0C19CA2B8A00D8391A /* Build configuration list for PBXNativeTarget "JsonParseMe" */ = {
			isa = XCConfigurationList;
			buildConfigurations = (
				60929D0D19CA2B8A00D8391A /* Debug */,
				60929D0E19CA2B8A00D8391A /* Release */,
			);
			defaultConfigurationIsVisible = 0;
		};
		60929D0F19CA2B8A00D8391A /* Build configuration list for PBXNativeTarget "JsonParseMeTests" */ = {
			isa = XCConfigurationList;
			buildConfigurations = (
				60929D1019CA2B8A00D8391A /* Debug */,
				60929D1119CA2B8A00D8391A /* Release */,
			);
			defaultConfigurationIsVisible = 0;
		};
/* End XCConfigurationList section */
	};
	rootObject = 60929CCF19CA2B8900D8391A /* Project object */;
}
